
Microsoft Visual Studio Solution File, Format Version 10.00
# Visual Studio 2008
Project("{FAE04EC0-301F-11D3-BF4B-00C04F79EFBC}") = "JugProblem", "JugProblem\JugProblem.csproj", "{00FDCF22-62E3-459F-B8CE-43B304068E1F}"
EndProject
Global
	GlobalSection(SolutionConfigurationPlatforms) = preSolution
		Debug|Any CPU = Debug|Any CPU
		Release|Any CPU = Release|Any CPU
	EndGlobalSection
	GlobalSection(ProjectConfigurationPlatforms) = postSolution
		{00FDCF22-62E3-459F-B8CE-43B304068E1F}.Debug|Any CPU.ActiveCfg = Debug|Any CPU
		{00FDCF22-62E3-459F-B8CE-43B304068E1F}.Debug|Any CPU.Build.0 = Debug|Any CPU
		{00FDCF22-62E3-459F-B8CE-43B304068E1F}.Release|Any CPU.ActiveCfg = Release|Any CPU
		{00FDCF22-62E3-459F-B8CE-43B304068E1F}.Release|Any CPU.Build.0 = Release|Any CPU
	EndGlobalSection
	GlobalSection(SolutionProperties) = preSolution
		HideSolutionNode = FALSE
	EndGlobalSection
EndGlobal
